
Microsoft Visual Studio Solution File, Format Version 11.00
# Visual Studio 2010
Project("{8BC9CEB8-8B4A-11D0-8D11-00A0C91BC942}") = "GameEngine", "GameEngine\GameEngine.vcxproj", "{128C0BCC-09B8-40F0-B8FD-295991CC539E}"
EndProject
Global
	GlobalSection(SolutionConfigurationPlatforms) = preSolution
		Debug|Win32 = Debug|Win32
		Release|Win32 = Release|Win32
	EndGlobalSection
	GlobalSection(ProjectConfigurationPlatforms) = postSolution
		{128C0BCC-09B8-40F0-B8FD-295991CC539E}.Debug|Win32.ActiveCfg = Debug|Win32
		{128C0BCC-09B8-40F0-B8FD-295991CC539E}.Debug|Win32.Build.0 = Debug|Win32
		{128C0BCC-09B8-40F0-B8FD-295991CC539E}.Release|Win32.ActiveCfg = Release|Win32
		{128C0BCC-09B8-40F0-B8FD-295991CC539E}.Release|Win32.Build.0 = Release|Win32
	EndGlobalSection
	GlobalSection(SolutionProperties) = preSolution
		HideSolutionNode = FALSE
	EndGlobalSection
EndGlobal
